
Microsoft Visual Studio Solution File, Format Version 12.00
# Visual Studio Version 17
VisualStudioVersion = 17.6.33829.357
MinimumVisualStudioVersion = 10.0.40219.1
Project("{9A19103F-16F7-4668-BE54-9A1E7A4F7556}") = "Dominio", "Negocio\Dominio.csproj", "{A537E715-612D-4F26-A1A4-D30D81A39DF5}"
EndProject
Project("{9A19103F-16F7-4668-BE54-9A1E7A4F7556}") = "DataAccess", "DataAccess\DataAccess.csproj", "{2ECB1F70-8C69-4E6A-ADFE-F36CFAC7BDA8}"
EndProject
Project("{9A19103F-16F7-4668-BE54-9A1E7A4F7556}") = "UIDesktop", "UIDesktop\UIDesktop.csproj", "{3AC7817B-681B-46AE-8634-6180BF092C45}"
EndProject
Global
	GlobalSection(SolutionConfigurationPlatforms) = preSolution
		Debug|Any CPU = Debug|Any CPU
		Release|Any CPU = Release|Any CPU
	EndGlobalSection
	GlobalSection(ProjectConfigurationPlatforms) = postSolution
		{A537E715-612D-4F26-A1A4-D30D81A39DF5}.Debug|Any CPU.ActiveCfg = Debug|Any CPU
		{A537E715-612D-4F26-A1A4-D30D81A39DF5}.Debug|Any CPU.Build.0 = Debug|Any CPU
		{A537E715-612D-4F26-A1A4-D30D81A39DF5}.Release|Any CPU.ActiveCfg = Release|Any CPU
		{A537E715-612D-4F26-A1A4-D30D81A39DF5}.Release|Any CPU.Build.0 = Release|Any CPU
		{2ECB1F70-8C69-4E6A-ADFE-F36CFAC7BDA8}.Debug|Any CPU.ActiveCfg = Debug|Any CPU
		{2ECB1F70-8C69-4E6A-ADFE-F36CFAC7BDA8}.Debug|Any CPU.Build.0 = Debug|Any CPU
		{2ECB1F70-8C69-4E6A-ADFE-F36CFAC7BDA8}.Release|Any CPU.ActiveCfg = Release|Any CPU
		{2ECB1F70-8C69-4E6A-ADFE-F36CFAC7BDA8}.Release|Any CPU.Build.0 = Release|Any CPU
		{3AC7817B-681B-46AE-8634-6180BF092C45}.Debug|Any CPU.ActiveCfg = Debug|Any CPU
		{3AC7817B-681B-46AE-8634-6180BF092C45}.Debug|Any CPU.Build.0 = Debug|Any CPU
		{3AC7817B-681B-46AE-8634-6180BF092C45}.Release|Any CPU.ActiveCfg = Release|Any CPU
		{3AC7817B-681B-46AE-8634-6180BF092C45}.Release|Any CPU.Build.0 = Release|Any CPU
	EndGlobalSection
	GlobalSection(SolutionProperties) = preSolution
		HideSolutionNode = FALSE
	EndGlobalSection
	GlobalSection(ExtensibilityGlobals) = postSolution
		SolutionGuid = {81801E99-7925-46B9-8482-38D2A71C0734}
	EndGlobalSection
EndGlobal
